// !$*UTF8*$!
{
	archiveVersion = 1;
	classes = {
	};
	objectVersion = 56;
	objects = {

/* Begin PBXBuildFile section */
		442E2DC42A9F447300FC52C0 /* AppDelegate.swift in Sources */ = {isa = PBXBuildFile; fileRef = 442E2DC32A9F447300FC52C0 /* AppDelegate.swift */; };
		442E2DC62A9F447300FC52C0 /* SceneDelegate.swift in Sources */ = {isa = PBXBuildFile; fileRef = 442E2DC52A9F447300FC52C0 /* SceneDelegate.swift */; };
		442E2DC82A9F447300FC52C0 /* ViewController.swift in Sources */ = {isa = PBXBuildFile; fileRef = 442E2DC72A9F447300FC52C0 /* ViewController.swift */; };
		442E2DCB2A9F447300FC52C0 /* Main.storyboard in Resources */ = {isa = PBXBuildFile; fileRef = 442E2DC92A9F447300FC52C0 /* Main.storyboard */; };
		442E2DCD2A9F447400FC52C0 /* Assets.xcassets in Resources */ = {isa = PBXBuildFile; fileRef = 442E2DCC2A9F447400FC52C0 /* Assets.xcassets */; };
		442E2DD02A9F447400FC52C0 /* LaunchScreen.storyboard in Resources */ = {isa = PBXBuildFile; fileRef = 442E2DCE2A9F447400FC52C0 /* LaunchScreen.storyboard */; };
		442E2DE22A9F49B500FC52C0 /* ImageExtensions.swift in Sources */ = {isa = PBXBuildFile; fileRef = 442E2DE12A9F49B500FC52C0 /* ImageExtensions.swift */; };
		442E2DE42A9F4BF700FC52C0 /* BreedCollectionViewCell.swift in Sources */ = {isa = PBXBuildFile; fileRef = 442E2DE32A9F4BF700FC52C0 /* BreedCollectionViewCell.swift */; };
		442E2DE62A9F4D0500FC52C0 /* BreedTableViewCell.swift in Sources */ = {isa = PBXBuildFile; fileRef = 442E2DE52A9F4D0500FC52C0 /* BreedTableViewCell.swift */; };
		442E2DE92A9F4EBB00FC52C0 /* CatListAssembler.swift in Sources */ = {isa = PBXBuildFile; fileRef = 442E2DE82A9F4EBB00FC52C0 /* CatListAssembler.swift */; };
		442E2DEC2A9F4F3600FC52C0 /* CatListDataSource.swift in Sources */ = {isa = PBXBuildFile; fileRef = 442E2DEB2A9F4F3600FC52C0 /* CatListDataSource.swift */; };
		442E2DEF2A9F4F8400FC52C0 /* CatListRouter.swift in Sources */ = {isa = PBXBuildFile; fileRef = 442E2DEE2A9F4F8400FC52C0 /* CatListRouter.swift */; };
		442E2DF22A9F4FF200FC52C0 /* CatListPresenter.swift in Sources */ = {isa = PBXBuildFile; fileRef = 442E2DF12A9F4FF200FC52C0 /* CatListPresenter.swift */; };
		442E2DF52A9F508900FC52C0 /* CatListInteractor.swift in Sources */ = {isa = PBXBuildFile; fileRef = 442E2DF42A9F508900FC52C0 /* CatListInteractor.swift */; };
		442E2DF82A9F50FE00FC52C0 /* CatListViewController.swift in Sources */ = {isa = PBXBuildFile; fileRef = 442E2DF72A9F50FE00FC52C0 /* CatListViewController.swift */; };
		442E2DFD2A9F554B00FC52C0 /* Cat.swift in Sources */ = {isa = PBXBuildFile; fileRef = 442E2DFC2A9F554B00FC52C0 /* Cat.swift */; };
		442E2DFF2A9F56E800FC52C0 /* CatsRepository.swift in Sources */ = {isa = PBXBuildFile; fileRef = 442E2DFE2A9F56E800FC52C0 /* CatsRepository.swift */; };
/* End PBXBuildFile section */

/* Begin PBXFileReference section */
		442E2DC02A9F447300FC52C0 /* TestAppCatAPI.app */ = {isa = PBXFileReference; explicitFileType = wrapper.application; includeInIndex = 0; path = TestAppCatAPI.app; sourceTree = BUILT_PRODUCTS_DIR; };
		442E2DC32A9F447300FC52C0 /* AppDelegate.swift */ = {isa = PBXFileReference; lastKnownFileType = sourcecode.swift; path = AppDelegate.swift; sourceTree = "<group>"; };
		442E2DC52A9F447300FC52C0 /* SceneDelegate.swift */ = {isa = PBXFileReference; lastKnownFileType = sourcecode.swift; path = SceneDelegate.swift; sourceTree = "<group>"; };
		442E2DC72A9F447300FC52C0 /* ViewController.swift */ = {isa = PBXFileReference; lastKnownFileType = sourcecode.swift; path = ViewController.swift; sourceTree = "<group>"; };
		442E2DCA2A9F447300FC52C0 /* Base */ = {isa = PBXFileReference; lastKnownFileType = file.storyboard; name = Base; path = Base.lproj/Main.storyboard; sourceTree = "<group>"; };
		442E2DCC2A9F447400FC52C0 /* Assets.xcassets */ = {isa = PBXFileReference; lastKnownFileType = folder.assetcatalog; path = Assets.xcassets; sourceTree = "<group>"; };
		442E2DCF2A9F447400FC52C0 /* Base */ = {isa = PBXFileReference; lastKnownFileType = file.storyboard; name = Base; path = Base.lproj/LaunchScreen.storyboard; sourceTree = "<group>"; };
		442E2DD12A9F447400FC52C0 /* Info.plist */ = {isa = PBXFileReference; lastKnownFileType = text.plist.xml; path = Info.plist; sourceTree = "<group>"; };
		442E2DE12A9F49B500FC52C0 /* ImageExtensions.swift */ = {isa = PBXFileReference; lastKnownFileType = sourcecode.swift; path = ImageExtensions.swift; sourceTree = "<group>"; };
		442E2DE32A9F4BF700FC52C0 /* BreedCollectionViewCell.swift */ = {isa = PBXFileReference; lastKnownFileType = sourcecode.swift; path = BreedCollectionViewCell.swift; sourceTree = "<group>"; };
		442E2DE52A9F4D0500FC52C0 /* BreedTableViewCell.swift */ = {isa = PBXFileReference; lastKnownFileType = sourcecode.swift; path = BreedTableViewCell.swift; sourceTree = "<group>"; };
		442E2DE82A9F4EBB00FC52C0 /* CatListAssembler.swift */ = {isa = PBXFileReference; lastKnownFileType = sourcecode.swift; path = CatListAssembler.swift; sourceTree = "<group>"; };
		442E2DEB2A9F4F3600FC52C0 /* CatListDataSource.swift */ = {isa = PBXFileReference; lastKnownFileType = sourcecode.swift; path = CatListDataSource.swift; sourceTree = "<group>"; };
		442E2DEE2A9F4F8400FC52C0 /* CatListRouter.swift */ = {isa = PBXFileReference; lastKnownFileType = sourcecode.swift; path = CatListRouter.swift; sourceTree = "<group>"; };
		442E2DF12A9F4FF200FC52C0 /* CatListPresenter.swift */ = {isa = PBXFileReference; lastKnownFileType = sourcecode.swift; path = CatListPresenter.swift; sourceTree = "<group>"; };
		442E2DF42A9F508900FC52C0 /* CatListInteractor.swift */ = {isa = PBXFileReference; lastKnownFileType = sourcecode.swift; path = CatListInteractor.swift; sourceTree = "<group>"; };
		442E2DF72A9F50FE00FC52C0 /* CatListViewController.swift */ = {isa = PBXFileReference; lastKnownFileType = sourcecode.swift; path = CatListViewController.swift; sourceTree = "<group>"; };
		442E2DFC2A9F554B00FC52C0 /* Cat.swift */ = {isa = PBXFileReference; lastKnownFileType = sourcecode.swift; path = Cat.swift; sourceTree = "<group>"; };
		442E2DFE2A9F56E800FC52C0 /* CatsRepository.swift */ = {isa = PBXFileReference; lastKnownFileType = sourcecode.swift; path = CatsRepository.swift; sourceTree = "<group>"; };
/* End PBXFileReference section */

/* Begin PBXFrameworksBuildPhase section */
		442E2DBD2A9F447300FC52C0 /* Frameworks */ = {
			isa = PBXFrameworksBuildPhase;
			buildActionMask = 2147483647;
			files = (
			);
			runOnlyForDeploymentPostprocessing = 0;
		};
/* End PBXFrameworksBuildPhase section */

/* Begin PBXGroup section */
		442E2DB72A9F447300FC52C0 = {
			isa = PBXGroup;
			children = (
				442E2DC22A9F447300FC52C0 /* TestAppCatAPI */,
				442E2DC12A9F447300FC52C0 /* Products */,
			);
			sourceTree = "<group>";
		};
		442E2DC12A9F447300FC52C0 /* Products */ = {
			isa = PBXGroup;
			children = (
				442E2DC02A9F447300FC52C0 /* TestAppCatAPI.app */,
			);
			name = Products;
			sourceTree = "<group>";
		};
		442E2DC22A9F447300FC52C0 /* TestAppCatAPI */ = {
			isa = PBXGroup;
			children = (
				442E2DD72A9F44A500FC52C0 /* API */,
				442E2DC32A9F447300FC52C0 /* AppDelegate.swift */,
				442E2DC52A9F447300FC52C0 /* SceneDelegate.swift */,
				442E2DC72A9F447300FC52C0 /* ViewController.swift */,
				442E2DC92A9F447300FC52C0 /* Main.storyboard */,
				442E2DCC2A9F447400FC52C0 /* Assets.xcassets */,
				442E2DCE2A9F447400FC52C0 /* LaunchScreen.storyboard */,
				442E2DD12A9F447400FC52C0 /* Info.plist */,
			);
			path = TestAppCatAPI;
			sourceTree = "<group>";
		};
		442E2DD72A9F44A500FC52C0 /* API */ = {
			isa = PBXGroup;
			children = (
				442E2DDA2A9F44D200FC52C0 /* Repository */,
				442E2DD92A9F44C900FC52C0 /* Model */,
				442E2DD82A9F44BB00FC52C0 /* Scenes */,
			);
			path = API;
			sourceTree = "<group>";
		};
		442E2DD82A9F44BB00FC52C0 /* Scenes */ = {
			isa = PBXGroup;
			children = (
				442E2DDC2A9F491300FC52C0 /* CatList */,
				442E2DDB2A9F48F600FC52C0 /* Utilities */,
			);
			path = Scenes;
			sourceTree = "<group>";
		};
		442E2DD92A9F44C900FC52C0 /* Model */ = {
			isa = PBXGroup;
			children = (
				442E2DFC2A9F554B00FC52C0 /* Cat.swift */,
			);
			path = Model;
			sourceTree = "<group>";
		};
		442E2DDA2A9F44D200FC52C0 /* Repository */ = {
			isa = PBXGroup;
			children = (
				442E2DFE2A9F56E800FC52C0 /* CatsRepository.swift */,
			);
			path = Repository;
			sourceTree = "<group>";
		};
		442E2DDB2A9F48F600FC52C0 /* Utilities */ = {
			isa = PBXGroup;
			children = (
				442E2DE02A9F498A00FC52C0 /* CustomViews */,
				442E2DDF2A9F497900FC52C0 /* Extensions */,
			);
			path = Utilities;
			sourceTree = "<group>";
		};
		442E2DDC2A9F491300FC52C0 /* CatList */ = {
			isa = PBXGroup;
			children = (
				442E2DF62A9F50E600FC52C0 /* ViewController */,
				442E2DF32A9F507800FC52C0 /* Interactor */,
				442E2DF02A9F4FDF00FC52C0 /* Presenter */,
				442E2DED2A9F4F7400FC52C0 /* Router */,
				442E2DEA2A9F4F1E00FC52C0 /* DataSource */,
				442E2DE72A9F4E9D00FC52C0 /* Assembler */,
			);
			path = CatList;
			sourceTree = "<group>";
		};
		442E2DDF2A9F497900FC52C0 /* Extensions */ = {
			isa = PBXGroup;
			children = (
				442E2DE12A9F49B500FC52C0 /* ImageExtensions.swift */,
			);
			path = Extensions;
			sourceTree = "<group>";
		};
		442E2DE02A9F498A00FC52C0 /* CustomViews */ = {
			isa = PBXGroup;
			children = (
				442E2DE32A9F4BF700FC52C0 /* BreedCollectionViewCell.swift */,
				442E2DE52A9F4D0500FC52C0 /* BreedTableViewCell.swift */,
			);
			path = CustomViews;
			sourceTree = "<group>";
		};
		442E2DE72A9F4E9D00FC52C0 /* Assembler */ = {
			isa = PBXGroup;
			children = (
				442E2DE82A9F4EBB00FC52C0 /* CatListAssembler.swift */,
			);
			path = Assembler;
			sourceTree = "<group>";
		};
		442E2DEA2A9F4F1E00FC52C0 /* DataSource */ = {
			isa = PBXGroup;
			children = (
				442E2DEB2A9F4F3600FC52C0 /* CatListDataSource.swift */,
			);
			path = DataSource;
			sourceTree = "<group>";
		};
		442E2DED2A9F4F7400FC52C0 /* Router */ = {
			isa = PBXGroup;
			children = (
				442E2DEE2A9F4F8400FC52C0 /* CatListRouter.swift */,
			);
			path = Router;
			sourceTree = "<group>";
		};
		442E2DF02A9F4FDF00FC52C0 /* Presenter */ = {
			isa = PBXGroup;
			children = (
				442E2DF12A9F4FF200FC52C0 /* CatListPresenter.swift */,
			);
			path = Presenter;
			sourceTree = "<group>";
		};
		442E2DF32A9F507800FC52C0 /* Interactor */ = {
			isa = PBXGroup;
			children = (
				442E2DF42A9F508900FC52C0 /* CatListInteractor.swift */,
			);
			path = Interactor;
			sourceTree = "<group>";
		};
		442E2DF62A9F50E600FC52C0 /* ViewController */ = {
			isa = PBXGroup;
			children = (
				442E2DF72A9F50FE00FC52C0 /* CatListViewController.swift */,
			);
			path = ViewController;
			sourceTree = "<group>";
		};
/* End PBXGroup section */

/* Begin PBXNativeTarget section */
		442E2DBF2A9F447300FC52C0 /* TestAppCatAPI */ = {
			isa = PBXNativeTarget;
			buildConfigurationList = 442E2DD42A9F447400FC52C0 /* Build configuration list for PBXNativeTarget "TestAppCatAPI" */;
			buildPhases = (
				442E2DBC2A9F447300FC52C0 /* Sources */,
				442E2DBD2A9F447300FC52C0 /* Frameworks */,
				442E2DBE2A9F447300FC52C0 /* Resources */,
			);
			buildRules = (
			);
			dependencies = (
			);
			name = TestAppCatAPI;
			productName = TestAppCatAPI;
			productReference = 442E2DC02A9F447300FC52C0 /* TestAppCatAPI.app */;
			productType = "com.apple.product-type.application";
		};
/* End PBXNativeTarget section */

/* Begin PBXProject section */
		442E2DB82A9F447300FC52C0 /* Project object */ = {
			isa = PBXProject;
			attributes = {
				BuildIndependentTargetsInParallel = 1;
				LastSwiftUpdateCheck = 1430;
				LastUpgradeCheck = 1430;
				TargetAttributes = {
					442E2DBF2A9F447300FC52C0 = {
						CreatedOnToolsVersion = 14.3.1;
					};
				};
			};
			buildConfigurationList = 442E2DBB2A9F447300FC52C0 /* Build configuration list for PBXProject "TestAppCatAPI" */;
			compatibilityVersion = "Xcode 14.0";
			developmentRegion = en;
			hasScannedForEncodings = 0;
			knownRegions = (
				en,
				Base,
			);
			mainGroup = 442E2DB72A9F447300FC52C0;
			productRefGroup = 442E2DC12A9F447300FC52C0 /* Products */;
			projectDirPath = "";
			projectRoot = "";
			targets = (
				442E2DBF2A9F447300FC52C0 /* TestAppCatAPI */,
			);
		};
/* End PBXProject section */

/* Begin PBXResourcesBuildPhase section */
		442E2DBE2A9F447300FC52C0 /* Resources */ = {
			isa = PBXResourcesBuildPhase;
			buildActionMask = 2147483647;
			files = (
				442E2DD02A9F447400FC52C0 /* LaunchScreen.storyboard in Resources */,
				442E2DCD2A9F447400FC52C0 /* Assets.xcassets in Resources */,
				442E2DCB2A9F447300FC52C0 /* Main.storyboard in Resources */,
			);
			runOnlyForDeploymentPostprocessing = 0;
		};
/* End PBXResourcesBuildPhase section */

/* Begin PBXSourcesBuildPhase section */
		442E2DBC2A9F447300FC52C0 /* Sources */ = {
			isa = PBXSourcesBuildPhase;
			buildActionMask = 2147483647;
			files = (
				442E2DE62A9F4D0500FC52C0 /* BreedTableViewCell.swift in Sources */,
				442E2DEC2A9F4F3600FC52C0 /* CatListDataSource.swift in Sources */,
				442E2DE42A9F4BF700FC52C0 /* BreedCollectionViewCell.swift in Sources */,
				442E2DF22A9F4FF200FC52C0 /* CatListPresenter.swift in Sources */,
				442E2DEF2A9F4F8400FC52C0 /* CatListRouter.swift in Sources */,
				442E2DC82A9F447300FC52C0 /* ViewController.swift in Sources */,
				442E2DF52A9F508900FC52C0 /* CatListInteractor.swift in Sources */,
				442E2DFD2A9F554B00FC52C0 /* Cat.swift in Sources */,
				442E2DC42A9F447300FC52C0 /* AppDelegate.swift in Sources */,
				442E2DC62A9F447300FC52C0 /* SceneDelegate.swift in Sources */,
				442E2DF82A9F50FE00FC52C0 /* CatListViewController.swift in Sources */,
				442E2DE22A9F49B500FC52C0 /* ImageExtensions.swift in Sources */,
				442E2DFF2A9F56E800FC52C0 /* CatsRepository.swift in Sources */,
				442E2DE92A9F4EBB00FC52C0 /* CatListAssembler.swift in Sources */,
			);
			runOnlyForDeploymentPostprocessing = 0;
		};
/* End PBXSourcesBuildPhase section */

/* Begin PBXVariantGroup section */
		442E2DC92A9F447300FC52C0 /* Main.storyboard */ = {
			isa = PBXVariantGroup;
			children = (
				442E2DCA2A9F447300FC52C0 /* Base */,
			);
			name = Main.storyboard;
			sourceTree = "<group>";
		};
		442E2DCE2A9F447400FC52C0 /* LaunchScreen.storyboard */ = {
			isa = PBXVariantGroup;
			children = (
				442E2DCF2A9F447400FC52C0 /* Base */,
			);
			name = LaunchScreen.storyboard;
			sourceTree = "<group>";
		};
/* End PBXVariantGroup section */

/* Begin XCBuildConfiguration section */
		442E2DD22A9F447400FC52C0 /* Debug */ = {
			isa = XCBuildConfiguration;
			buildSettings = {
				ALWAYS_SEARCH_USER_PATHS = NO;
				CLANG_ANALYZER_NONNULL = YES;
				CLANG_ANALYZER_NUMBER_OBJECT_CONVERSION = YES_AGGRESSIVE;
				CLANG_CXX_LANGUAGE_STANDARD = "gnu++20";
				CLANG_ENABLE_MODULES = YES;
				CLANG_ENABLE_OBJC_ARC = YES;
				CLANG_ENABLE_OBJC_WEAK = YES;
				CLANG_WARN_BLOCK_CAPTURE_AUTORELEASING = YES;
				CLANG_WARN_BOOL_CONVERSION = YES;
				CLANG_WARN_COMMA = YES;
				CLANG_WARN_CONSTANT_CONVERSION = YES;
				CLANG_WARN_DEPRECATED_OBJC_IMPLEMENTATIONS = YES;
				CLANG_WARN_DIRECT_OBJC_ISA_USAGE = YES_ERROR;
				CLANG_WARN_DOCUMENTATION_COMMENTS = YES;
				CLANG_WARN_EMPTY_BODY = YES;
				CLANG_WARN_ENUM_CONVERSION = YES;
				CLANG_WARN_INFINITE_RECURSION = YES;
				CLANG_WARN_INT_CONVERSION = YES;
				CLANG_WARN_NON_LITERAL_NULL_CONVERSION = YES;
				CLANG_WARN_OBJC_IMPLICIT_RETAIN_SELF = YES;
				CLANG_WARN_OBJC_LITERAL_CONVERSION = YES;
				CLANG_WARN_OBJC_ROOT_CLASS = YES_ERROR;
				CLANG_WARN_QUOTED_INCLUDE_IN_FRAMEWORK_HEADER = YES;
				CLANG_WARN_RANGE_LOOP_ANALYSIS = YES;
				CLANG_WARN_STRICT_PROTOTYPES = YES;
				CLANG_WARN_SUSPICIOUS_MOVE = YES;
				CLANG_WARN_UNGUARDED_AVAILABILITY = YES_AGGRESSIVE;
				CLANG_WARN_UNREACHABLE_CODE = YES;
				CLANG_WARN__DUPLICATE_METHOD_MATCH = YES;
				COPY_PHASE_STRIP = NO;
				DEBUG_INFORMATION_FORMAT = dwarf;
				ENABLE_STRICT_OBJC_MSGSEND = YES;
				ENABLE_TESTABILITY = YES;
				GCC_C_LANGUAGE_STANDARD = gnu11;
				GCC_DYNAMIC_NO_PIC = NO;
				GCC_NO_COMMON_BLOCKS = YES;
				GCC_OPTIMIZATION_LEVEL = 0;
				GCC_PREPROCESSOR_DEFINITIONS = (
					"DEBUG=1",
					"$(inherited)",
				);
				GCC_WARN_64_TO_32_BIT_CONVERSION = YES;
				GCC_WARN_ABOUT_RETURN_TYPE = YES_ERROR;
				GCC_WARN_UNDECLARED_SELECTOR = YES;
				GCC_WARN_UNINITIALIZED_AUTOS = YES_AGGRESSIVE;
				GCC_WARN_UNUSED_FUNCTION = YES;
				GCC_WARN_UNUSED_VARIABLE = YES;
				IPHONEOS_DEPLOYMENT_TARGET = 16.4;
				MTL_ENABLE_DEBUG_INFO = INCLUDE_SOURCE;
				MTL_FAST_MATH = YES;
				ONLY_ACTIVE_ARCH = YES;
				SDKROOT = iphoneos;
				SWIFT_ACTIVE_COMPILATION_CONDITIONS = DEBUG;
				SWIFT_OPTIMIZATION_LEVEL = "-Onone";
			};
			name = Debug;
		};
		442E2DD32A9F447400FC52C0 /* Release */ = {
			isa = XCBuildConfiguration;
			buildSettings = {
				ALWAYS_SEARCH_USER_PATHS = NO;
				CLANG_ANALYZER_NONNULL = YES;
				CLANG_ANALYZER_NUMBER_OBJECT_CONVERSION = YES_AGGRESSIVE;
				CLANG_CXX_LANGUAGE_STANDARD = "gnu++20";
				CLANG_ENABLE_MODULES = YES;
				CLANG_ENABLE_OBJC_ARC = YES;
				CLANG_ENABLE_OBJC_WEAK = YES;
				CLANG_WARN_BLOCK_CAPTURE_AUTORELEASING = YES;
				CLANG_WARN_BOOL_CONVERSION = YES;
				CLANG_WARN_COMMA = YES;
				CLANG_WARN_CONSTANT_CONVERSION = YES;
				CLANG_WARN_DEPRECATED_OBJC_IMPLEMENTATIONS = YES;
				CLANG_WARN_DIRECT_OBJC_ISA_USAGE = YES_ERROR;
				CLANG_WARN_DOCUMENTATION_COMMENTS = YES;
				CLANG_WARN_EMPTY_BODY = YES;
				CLANG_WARN_ENUM_CONVERSION = YES;
				CLANG_WARN_INFINITE_RECURSION = YES;
				CLANG_WARN_INT_CONVERSION = YES;
				CLANG_WARN_NON_LITERAL_NULL_CONVERSION = YES;
				CLANG_WARN_OBJC_IMPLICIT_RETAIN_SELF = YES;
				CLANG_WARN_OBJC_LITERAL_CONVERSION = YES;
				CLANG_WARN_OBJC_ROOT_CLASS = YES_ERROR;
				CLANG_WARN_QUOTED_INCLUDE_IN_FRAMEWORK_HEADER = YES;
				CLANG_WARN_RANGE_LOOP_ANALYSIS = YES;
				CLANG_WARN_STRICT_PROTOTYPES = YES;
				CLANG_WARN_SUSPICIOUS_MOVE = YES;
				CLANG_WARN_UNGUARDED_AVAILABILITY = YES_AGGRESSIVE;
				CLANG_WARN_UNREACHABLE_CODE = YES;
				CLANG_WARN__DUPLICATE_METHOD_MATCH = YES;
				COPY_PHASE_STRIP = NO;
				DEBUG_INFORMATION_FORMAT = "dwarf-with-dsym";
				ENABLE_NS_ASSERTIONS = NO;
				ENABLE_STRICT_OBJC_MSGSEND = YES;
				GCC_C_LANGUAGE_STANDARD = gnu11;
				GCC_NO_COMMON_BLOCKS = YES;
				GCC_WARN_64_TO_32_BIT_CONVERSION = YES;
				GCC_WARN_ABOUT_RETURN_TYPE = YES_ERROR;
				GCC_WARN_UNDECLARED_SELECTOR = YES;
				GCC_WARN_UNINITIALIZED_AUTOS = YES_AGGRESSIVE;
				GCC_WARN_UNUSED_FUNCTION = YES;
				GCC_WARN_UNUSED_VARIABLE = YES;
				IPHONEOS_DEPLOYMENT_TARGET = 16.4;
				MTL_ENABLE_DEBUG_INFO = NO;
				MTL_FAST_MATH = YES;
				SDKROOT = iphoneos;
				SWIFT_COMPILATION_MODE = wholemodule;
				SWIFT_OPTIMIZATION_LEVEL = "-O";
				VALIDATE_PRODUCT = YES;
			};
			name = Release;
		};
		442E2DD52A9F447400FC52C0 /* Debug */ = {
			isa = XCBuildConfiguration;
			buildSettings = {
				ASSETCATALOG_COMPILER_APPICON_NAME = AppIcon;
				ASSETCATALOG_COMPILER_GLOBAL_ACCENT_COLOR_NAME = AccentColor;
				CODE_SIGN_STYLE = Automatic;
				CURRENT_PROJECT_VERSION = 1;
				DEVELOPMENT_TEAM = U42JKQ2R63;
				GENERATE_INFOPLIST_FILE = YES;
				INFOPLIST_FILE = TestAppCatAPI/Info.plist;
				INFOPLIST_KEY_UIApplicationSupportsIndirectInputEvents = YES;
				INFOPLIST_KEY_UILaunchStoryboardName = LaunchScreen;
				INFOPLIST_KEY_UIMainStoryboardFile = Main;
				INFOPLIST_KEY_UISupportedInterfaceOrientations_iPad = "UIInterfaceOrientationPortrait UIInterfaceOrientationPortraitUpsideDown UIInterfaceOrientationLandscapeLeft UIInterfaceOrientationLandscapeRight";
				INFOPLIST_KEY_UISupportedInterfaceOrientations_iPhone = "UIInterfaceOrientationPortrait UIInterfaceOrientationLandscapeLeft UIInterfaceOrientationLandscapeRight";
				LD_RUNPATH_SEARCH_PATHS = (
					"$(inherited)",
					"@executable_path/Frameworks",
				);
				MARKETING_VERSION = 1.0;
				PRODUCT_BUNDLE_IDENTIFIER = Test.TestAppCatAPI;
				PRODUCT_NAME = "$(TARGET_NAME)";
				SWIFT_EMIT_LOC_STRINGS = YES;
				SWIFT_VERSION = 5.0;
				TARGETED_DEVICE_FAMILY = "1,2";
			};
			name = Debug;
		};
		442E2DD62A9F447400FC52C0 /* Release */ = {
			isa = XCBuildConfiguration;
			buildSettings = {
				ASSETCATALOG_COMPILER_APPICON_NAME = AppIcon;
				ASSETCATALOG_COMPILER_GLOBAL_ACCENT_COLOR_NAME = AccentColor;
				CODE_SIGN_STYLE = Automatic;
				CURRENT_PROJECT_VERSION = 1;
				DEVELOPMENT_TEAM = U42JKQ2R63;
				GENERATE_INFOPLIST_FILE = YES;
				INFOPLIST_FILE = TestAppCatAPI/Info.plist;
				INFOPLIST_KEY_UIApplicationSupportsIndirectInputEvents = YES;
				INFOPLIST_KEY_UILaunchStoryboardName = LaunchScreen;
				INFOPLIST_KEY_UIMainStoryboardFile = Main;
				INFOPLIST_KEY_UISupportedInterfaceOrientations_iPad = "UIInterfaceOrientationPortrait UIInterfaceOrientationPortraitUpsideDown UIInterfaceOrientationLandscapeLeft UIInterfaceOrientationLandscapeRight";
				INFOPLIST_KEY_UISupportedInterfaceOrientations_iPhone = "UIInterfaceOrientationPortrait UIInterfaceOrientationLandscapeLeft UIInterfaceOrientationLandscapeRight";
				LD_RUNPATH_SEARCH_PATHS = (
					"$(inherited)",
					"@executable_path/Frameworks",
				);
				MARKETING_VERSION = 1.0;
				PRODUCT_BUNDLE_IDENTIFIER = Test.TestAppCatAPI;
				PRODUCT_NAME = "$(TARGET_NAME)";
				SWIFT_EMIT_LOC_STRINGS = YES;
				SWIFT_VERSION = 5.0;
				TARGETED_DEVICE_FAMILY = "1,2";
			};
			name = Release;
		};
/* End XCBuildConfiguration section */

/* Begin XCConfigurationList section */
		442E2DBB2A9F447300FC52C0 /* Build configuration list for PBXProject "TestAppCatAPI" */ = {
			isa = XCConfigurationList;
			buildConfigurations = (
				442E2DD22A9F447400FC52C0 /* Debug */,
				442E2DD32A9F447400FC52C0 /* Release */,
			);
			defaultConfigurationIsVisible = 0;
			defaultConfigurationName = Release;
		};
		442E2DD42A9F447400FC52C0 /* Build configuration list for PBXNativeTarget "TestAppCatAPI" */ = {
			isa = XCConfigurationList;
			buildConfigurations = (
				442E2DD52A9F447400FC52C0 /* Debug */,
				442E2DD62A9F447400FC52C0 /* Release */,
			);
			defaultConfigurationIsVisible = 0;
			defaultConfigurationName = Release;
		};
/* End XCConfigurationList section */
	};
	rootObject = 442E2DB82A9F447300FC52C0 /* Project object */;
}
